
Microsoft Visual Studio Solution File, Format Version 12.00
Project("{FAE04EC0-301F-11D3-BF4B-00C04F79EFBC}") = "ownMineNET", "ownMineNET\ownMineNET.csproj", "{CB57429F-B5DF-4FC4-AC9A-DC1C987F3C74}"
EndProject
Project("{FAE04EC0-301F-11D3-BF4B-00C04F79EFBC}") = "ownMineManager", "ownMineManager\ownMineManager.csproj", "{F84D7264-5141-48C2-9DE1-2BBA7447C406}"
EndProject
Project("{FAE04EC0-301F-11D3-BF4B-00C04F79EFBC}") = "ownMineController", "ownMineController\ownMineController.csproj", "{F9817FB5-B025-45B2-B3C7-6055CD597B4B}"
EndProject
Project("{FAE04EC0-301F-11D3-BF4B-00C04F79EFBC}") = "ownMineDatabase", "ownMineDatabase\ownMineDatabase.csproj", "{C8666957-E59D-4BD8-950C-3C6C2F38591A}"
EndProject
Global
	GlobalSection(SolutionConfigurationPlatforms) = preSolution
		Debug|Any CPU = Debug|Any CPU
		Release|Any CPU = Release|Any CPU
	EndGlobalSection
	GlobalSection(ProjectConfigurationPlatforms) = postSolution
		{CB57429F-B5DF-4FC4-AC9A-DC1C987F3C74}.Debug|Any CPU.ActiveCfg = Debug|Any CPU
		{CB57429F-B5DF-4FC4-AC9A-DC1C987F3C74}.Debug|Any CPU.Build.0 = Debug|Any CPU
		{CB57429F-B5DF-4FC4-AC9A-DC1C987F3C74}.Release|Any CPU.ActiveCfg = Release|Any CPU
		{CB57429F-B5DF-4FC4-AC9A-DC1C987F3C74}.Release|Any CPU.Build.0 = Release|Any CPU
		{F84D7264-5141-48C2-9DE1-2BBA7447C406}.Debug|Any CPU.ActiveCfg = Debug|Any CPU
		{F84D7264-5141-48C2-9DE1-2BBA7447C406}.Debug|Any CPU.Build.0 = Debug|Any CPU
		{F84D7264-5141-48C2-9DE1-2BBA7447C406}.Release|Any CPU.ActiveCfg = Release|Any CPU
		{F84D7264-5141-48C2-9DE1-2BBA7447C406}.Release|Any CPU.Build.0 = Release|Any CPU
		{F9817FB5-B025-45B2-B3C7-6055CD597B4B}.Debug|Any CPU.ActiveCfg = Debug|Any CPU
		{F9817FB5-B025-45B2-B3C7-6055CD597B4B}.Debug|Any CPU.Build.0 = Debug|Any CPU
		{F9817FB5-B025-45B2-B3C7-6055CD597B4B}.Release|Any CPU.ActiveCfg = Release|Any CPU
		{F9817FB5-B025-45B2-B3C7-6055CD597B4B}.Release|Any CPU.Build.0 = Release|Any CPU
		{C8666957-E59D-4BD8-950C-3C6C2F38591A}.Debug|Any CPU.ActiveCfg = Debug|Any CPU
		{C8666957-E59D-4BD8-950C-3C6C2F38591A}.Debug|Any CPU.Build.0 = Debug|Any CPU
		{C8666957-E59D-4BD8-950C-3C6C2F38591A}.Release|Any CPU.ActiveCfg = Release|Any CPU
		{C8666957-E59D-4BD8-950C-3C6C2F38591A}.Release|Any CPU.Build.0 = Release|Any CPU
	EndGlobalSection
EndGlobal
